
Microsoft Visual Studio Solution File, Format Version 12.00
# Visual Studio 14
VisualStudioVersion = 14.0.25420.1
MinimumVisualStudioVersion = 10.0.40219.1
Project("{8BC9CEB8-8B4A-11D0-8D11-00A0C91BC942}") = "TMCtest", "TMCtest\TMCtest.vcxproj", "{B5B9587A-05AC-45CC-9305-A7F98D1F687E}"
EndProject
Project("{8BC9CEB8-8B4A-11D0-8D11-00A0C91BC942}") = "Untrusted", "Untrusted\Untrusted.vcxproj", "{CAA68345-BE6A-4576-BE93-80B437DE9769}"
EndProject
Global
	GlobalSection(SolutionConfigurationPlatforms) = preSolution
		Debug|x64 = Debug|x64
		Debug|x86 = Debug|x86
		Prerelease|x64 = Prerelease|x64
		Prerelease|x86 = Prerelease|x86
		Release|x64 = Release|x64
		Release|x86 = Release|x86
		Simulation|x64 = Simulation|x64
		Simulation|x86 = Simulation|x86
	EndGlobalSection
	GlobalSection(ProjectConfigurationPlatforms) = postSolution
		{B5B9587A-05AC-45CC-9305-A7F98D1F687E}.Debug|x64.ActiveCfg = Debug|x64
		{B5B9587A-05AC-45CC-9305-A7F98D1F687E}.Debug|x64.Build.0 = Debug|x64
		{B5B9587A-05AC-45CC-9305-A7F98D1F687E}.Debug|x86.ActiveCfg = Debug|Win32
		{B5B9587A-05AC-45CC-9305-A7F98D1F687E}.Debug|x86.Build.0 = Debug|Win32
		{B5B9587A-05AC-45CC-9305-A7F98D1F687E}.Prerelease|x64.ActiveCfg = Prerelease|x64
		{B5B9587A-05AC-45CC-9305-A7F98D1F687E}.Prerelease|x64.Build.0 = Prerelease|x64
		{B5B9587A-05AC-45CC-9305-A7F98D1F687E}.Prerelease|x86.ActiveCfg = Prerelease|Win32
		{B5B9587A-05AC-45CC-9305-A7F98D1F687E}.Prerelease|x86.Build.0 = Prerelease|Win32
		{B5B9587A-05AC-45CC-9305-A7F98D1F687E}.Release|x64.ActiveCfg = Release|x64
		{B5B9587A-05AC-45CC-9305-A7F98D1F687E}.Release|x64.Build.0 = Release|x64
		{B5B9587A-05AC-45CC-9305-A7F98D1F687E}.Release|x86.ActiveCfg = Release|Win32
		{B5B9587A-05AC-45CC-9305-A7F98D1F687E}.Release|x86.Build.0 = Release|Win32
		{B5B9587A-05AC-45CC-9305-A7F98D1F687E}.Simulation|x64.ActiveCfg = Simulation|x64
		{B5B9587A-05AC-45CC-9305-A7F98D1F687E}.Simulation|x64.Build.0 = Simulation|x64
		{B5B9587A-05AC-45CC-9305-A7F98D1F687E}.Simulation|x86.ActiveCfg = Simulation|Win32
		{B5B9587A-05AC-45CC-9305-A7F98D1F687E}.Simulation|x86.Build.0 = Simulation|Win32
		{CAA68345-BE6A-4576-BE93-80B437DE9769}.Debug|x64.ActiveCfg = Debug|x64
		{CAA68345-BE6A-4576-BE93-80B437DE9769}.Debug|x64.Build.0 = Debug|x64
		{CAA68345-BE6A-4576-BE93-80B437DE9769}.Debug|x86.ActiveCfg = Debug|Win32
		{CAA68345-BE6A-4576-BE93-80B437DE9769}.Debug|x86.Build.0 = Debug|Win32
		{CAA68345-BE6A-4576-BE93-80B437DE9769}.Prerelease|x64.ActiveCfg = Prerelease|x64
		{CAA68345-BE6A-4576-BE93-80B437DE9769}.Prerelease|x64.Build.0 = Prerelease|x64
		{CAA68345-BE6A-4576-BE93-80B437DE9769}.Prerelease|x86.ActiveCfg = Prerelease|Win32
		{CAA68345-BE6A-4576-BE93-80B437DE9769}.Prerelease|x86.Build.0 = Prerelease|Win32
		{CAA68345-BE6A-4576-BE93-80B437DE9769}.Release|x64.ActiveCfg = Release|x64
		{CAA68345-BE6A-4576-BE93-80B437DE9769}.Release|x64.Build.0 = Release|x64
		{CAA68345-BE6A-4576-BE93-80B437DE9769}.Release|x86.ActiveCfg = Release|Win32
		{CAA68345-BE6A-4576-BE93-80B437DE9769}.Release|x86.Build.0 = Release|Win32
		{CAA68345-BE6A-4576-BE93-80B437DE9769}.Simulation|x64.ActiveCfg = Simulation|x64
		{CAA68345-BE6A-4576-BE93-80B437DE9769}.Simulation|x64.Build.0 = Simulation|x64
		{CAA68345-BE6A-4576-BE93-80B437DE9769}.Simulation|x86.ActiveCfg = Simulation|Win32
		{CAA68345-BE6A-4576-BE93-80B437DE9769}.Simulation|x86.Build.0 = Simulation|Win32
	EndGlobalSection
	GlobalSection(SolutionProperties) = preSolution
		HideSolutionNode = FALSE
	EndGlobalSection
EndGlobal
